
Microsoft Visual Studio Solution File, Format Version 12.00
# Visual Studio Version 17
VisualStudioVersion = 17.1.32328.378
MinimumVisualStudioVersion = 10.0.40219.1
Project("{FAE04EC0-301F-11D3-BF4B-00C04F79EFBC}") = "LinqAndXML", "LinqAndXML.csproj", "{F2218C4E-EC01-45C6-A5F1-BA8DE84EFED3}"
EndProject
Global
	GlobalSection(SolutionConfigurationPlatforms) = preSolution
		Debug|Any CPU = Debug|Any CPU
		Release|Any CPU = Release|Any CPU
	EndGlobalSection
	GlobalSection(ProjectConfigurationPlatforms) = postSolution
		{F2218C4E-EC01-45C6-A5F1-BA8DE84EFED3}.Debug|Any CPU.ActiveCfg = Debug|Any CPU
		{F2218C4E-EC01-45C6-A5F1-BA8DE84EFED3}.Debug|Any CPU.Build.0 = Debug|Any CPU
		{F2218C4E-EC01-45C6-A5F1-BA8DE84EFED3}.Release|Any CPU.ActiveCfg = Release|Any CPU
		{F2218C4E-EC01-45C6-A5F1-BA8DE84EFED3}.Release|Any CPU.Build.0 = Release|Any CPU
	EndGlobalSection
	GlobalSection(SolutionProperties) = preSolution
		HideSolutionNode = FALSE
	EndGlobalSection
	GlobalSection(ExtensibilityGlobals) = postSolution
		SolutionGuid = {223D7D23-77E0-4164-9E99-569B6C491236}
	EndGlobalSection
EndGlobal
